
Microsoft Visual Studio Solution File, Format Version 12.00
# Visual Studio Version 16
VisualStudioVersion = 16.0.30011.22
MinimumVisualStudioVersion = 10.0.40219.1
Project("{2150E333-8FDC-42A3-9474-1A3956D46DE8}") = "src", "src", "{2CE8E91B-6B6A-4C1F-B6FE-80A1F1199A7A}"
EndProject
Project("{FAE04EC0-301F-11D3-BF4B-00C04F79EFBC}") = "Branca.IdentityModel", "src\Branca.IdentityModel\Branca.IdentityModel.csproj", "{EB1973C8-E6C5-4E6A-A1BC-C0A4B8D4CAE0}"
EndProject
Global
	GlobalSection(SolutionConfigurationPlatforms) = preSolution
		Debug|Any CPU = Debug|Any CPU
		Release|Any CPU = Release|Any CPU
	EndGlobalSection
	GlobalSection(ProjectConfigurationPlatforms) = postSolution
		{EB1973C8-E6C5-4E6A-A1BC-C0A4B8D4CAE0}.Debug|Any CPU.ActiveCfg = Debug|Any CPU
		{EB1973C8-E6C5-4E6A-A1BC-C0A4B8D4CAE0}.Debug|Any CPU.Build.0 = Debug|Any CPU
		{EB1973C8-E6C5-4E6A-A1BC-C0A4B8D4CAE0}.Release|Any CPU.ActiveCfg = Release|Any CPU
		{EB1973C8-E6C5-4E6A-A1BC-C0A4B8D4CAE0}.Release|Any CPU.Build.0 = Release|Any CPU
	EndGlobalSection
	GlobalSection(SolutionProperties) = preSolution
		HideSolutionNode = FALSE
	EndGlobalSection
	GlobalSection(NestedProjects) = preSolution
		{EB1973C8-E6C5-4E6A-A1BC-C0A4B8D4CAE0} = {2CE8E91B-6B6A-4C1F-B6FE-80A1F1199A7A}
	EndGlobalSection
	GlobalSection(ExtensibilityGlobals) = postSolution
		SolutionGuid = {7ACFEAF2-1A47-419B-989B-75A0A686D710}
	EndGlobalSection
EndGlobal
